// !$*UTF8*$!
{
	archiveVersion = 1;
	classes = {
	};
	objectVersion = 46;
	objects = {

/* Begin PBXBuildFile section */
		011A41D11DDFB43C0022CF2B /* AppDelegate.swift in Sources */ = {isa = PBXBuildFile; fileRef = 011A41D01DDFB43C0022CF2B /* AppDelegate.swift */; };
		011A41D31DDFB43C0022CF2B /* CameraVC.swift in Sources */ = {isa = PBXBuildFile; fileRef = 011A41D21DDFB43C0022CF2B /* CameraVC.swift */; };
		011A41D61DDFB43C0022CF2B /* Main.storyboard in Resources */ = {isa = PBXBuildFile; fileRef = 011A41D41DDFB43C0022CF2B /* Main.storyboard */; };
		011A41D81DDFB43C0022CF2B /* Assets.xcassets in Resources */ = {isa = PBXBuildFile; fileRef = 011A41D71DDFB43C0022CF2B /* Assets.xcassets */; };
		011A41DB1DDFB43C0022CF2B /* LaunchScreen.storyboard in Resources */ = {isa = PBXBuildFile; fileRef = 011A41D91DDFB43C0022CF2B /* LaunchScreen.storyboard */; };
		01735D181DE303330015F3D0 /* GoogleService-Info.plist in Resources */ = {isa = PBXBuildFile; fileRef = 01735D171DE303330015F3D0 /* GoogleService-Info.plist */; };
		01735D1A1DE36DA20015F3D0 /* RoundTextField.swift in Sources */ = {isa = PBXBuildFile; fileRef = 01735D191DE36DA20015F3D0 /* RoundTextField.swift */; };
		01735D1D1DE462990015F3D0 /* RoundButton.swift in Sources */ = {isa = PBXBuildFile; fileRef = 01735D1C1DE462990015F3D0 /* RoundButton.swift */; };
		01B2E5351DDFB4FD007CA939 /* CameraViewController.swift in Sources */ = {isa = PBXBuildFile; fileRef = 01B2E5341DDFB4FD007CA939 /* CameraViewController.swift */; };
		01B2E5391DDFB521007CA939 /* PhotoCaptureDelegate.swift in Sources */ = {isa = PBXBuildFile; fileRef = 01B2E5381DDFB521007CA939 /* PhotoCaptureDelegate.swift */; };
		01B2E53B1DDFB552007CA939 /* PreviewView.swift in Sources */ = {isa = PBXBuildFile; fileRef = 01B2E53A1DDFB552007CA939 /* PreviewView.swift */; };
		01B2E53E1DE1783E007CA939 /* CameraVCDelegate.swift in Sources */ = {isa = PBXBuildFile; fileRef = 01B2E53D1DE1783E007CA939 /* CameraVCDelegate.swift */; };
		D7369F3B4539DD813B96EC77 /* Pods_ChattyChat.framework in Frameworks */ = {isa = PBXBuildFile; fileRef = 58C6074307FE4A02362E4359 /* Pods_ChattyChat.framework */; };
/* End PBXBuildFile section */

/* Begin PBXFileReference section */
		011A41CD1DDFB43C0022CF2B /* ChattyChat.app */ = {isa = PBXFileReference; explicitFileType = wrapper.application; includeInIndex = 0; path = ChattyChat.app; sourceTree = BUILT_PRODUCTS_DIR; };
		011A41D01DDFB43C0022CF2B /* AppDelegate.swift */ = {isa = PBXFileReference; lastKnownFileType = sourcecode.swift; path = AppDelegate.swift; sourceTree = "<group>"; };
		011A41D21DDFB43C0022CF2B /* CameraVC.swift */ = {isa = PBXFileReference; lastKnownFileType = sourcecode.swift; path = CameraVC.swift; sourceTree = "<group>"; };
		011A41D51DDFB43C0022CF2B /* Base */ = {isa = PBXFileReference; lastKnownFileType = file.storyboard; name = Base; path = Base.lproj/Main.storyboard; sourceTree = "<group>"; };
		011A41D71DDFB43C0022CF2B /* Assets.xcassets */ = {isa = PBXFileReference; lastKnownFileType = folder.assetcatalog; path = Assets.xcassets; sourceTree = "<group>"; };
		011A41DA1DDFB43C0022CF2B /* Base */ = {isa = PBXFileReference; lastKnownFileType = file.storyboard; name = Base; path = Base.lproj/LaunchScreen.storyboard; sourceTree = "<group>"; };
		011A41DC1DDFB43C0022CF2B /* Info.plist */ = {isa = PBXFileReference; lastKnownFileType = text.plist.xml; path = Info.plist; sourceTree = "<group>"; };
		01735D171DE303330015F3D0 /* GoogleService-Info.plist */ = {isa = PBXFileReference; fileEncoding = 4; lastKnownFileType = text.plist.xml; path = "GoogleService-Info.plist"; sourceTree = "<group>"; };
		01735D191DE36DA20015F3D0 /* RoundTextField.swift */ = {isa = PBXFileReference; fileEncoding = 4; lastKnownFileType = sourcecode.swift; path = RoundTextField.swift; sourceTree = "<group>"; };
		01735D1C1DE462990015F3D0 /* RoundButton.swift */ = {isa = PBXFileReference; fileEncoding = 4; lastKnownFileType = sourcecode.swift; path = RoundButton.swift; sourceTree = "<group>"; };
		01B2E5341DDFB4FD007CA939 /* CameraViewController.swift */ = {isa = PBXFileReference; fileEncoding = 4; lastKnownFileType = sourcecode.swift; path = CameraViewController.swift; sourceTree = "<group>"; };
		01B2E5381DDFB521007CA939 /* PhotoCaptureDelegate.swift */ = {isa = PBXFileReference; fileEncoding = 4; lastKnownFileType = sourcecode.swift; path = PhotoCaptureDelegate.swift; sourceTree = "<group>"; };
		01B2E53A1DDFB552007CA939 /* PreviewView.swift */ = {isa = PBXFileReference; fileEncoding = 4; lastKnownFileType = sourcecode.swift; path = PreviewView.swift; sourceTree = "<group>"; };
		01B2E53D1DE1783E007CA939 /* CameraVCDelegate.swift */ = {isa = PBXFileReference; fileEncoding = 4; lastKnownFileType = sourcecode.swift; path = CameraVCDelegate.swift; sourceTree = "<group>"; };
		4338BF4DCB3BA09F73E9FE0C /* Pods-ChattyChat.debug.xcconfig */ = {isa = PBXFileReference; includeInIndex = 1; lastKnownFileType = text.xcconfig; name = "Pods-ChattyChat.debug.xcconfig"; path = "Pods/Target Support Files/Pods-ChattyChat/Pods-ChattyChat.debug.xcconfig"; sourceTree = "<group>"; };
		58C6074307FE4A02362E4359 /* Pods_ChattyChat.framework */ = {isa = PBXFileReference; explicitFileType = wrapper.framework; includeInIndex = 0; path = Pods_ChattyChat.framework; sourceTree = BUILT_PRODUCTS_DIR; };
		7569A9B690B0C954F459D5AB /* Pods-ChattyChat.release.xcconfig */ = {isa = PBXFileReference; includeInIndex = 1; lastKnownFileType = text.xcconfig; name = "Pods-ChattyChat.release.xcconfig"; path = "Pods/Target Support Files/Pods-ChattyChat/Pods-ChattyChat.release.xcconfig"; sourceTree = "<group>"; };
/* End PBXFileReference section */

/* Begin PBXFrameworksBuildPhase section */
		011A41CA1DDFB43C0022CF2B /* Frameworks */ = {
			isa = PBXFrameworksBuildPhase;
			buildActionMask = 2147483647;
			files = (
				D7369F3B4539DD813B96EC77 /* Pods_ChattyChat.framework in Frameworks */,
			);
			runOnlyForDeploymentPostprocessing = 0;
		};
/* End PBXFrameworksBuildPhase section */

/* Begin PBXGroup section */
		011A41C41DDFB43C0022CF2B = {
			isa = PBXGroup;
			children = (
				011A41CF1DDFB43C0022CF2B /* ChattyChat */,
				011A41CE1DDFB43C0022CF2B /* Products */,
				058D285BD5B7367859521820 /* Pods */,
				6160C032C5C72E589CADF208 /* Frameworks */,
			);
			sourceTree = "<group>";
		};
		011A41CE1DDFB43C0022CF2B /* Products */ = {
			isa = PBXGroup;
			children = (
				011A41CD1DDFB43C0022CF2B /* ChattyChat.app */,
			);
			name = Products;
			sourceTree = "<group>";
		};
		011A41CF1DDFB43C0022CF2B /* ChattyChat */ = {
			isa = PBXGroup;
			children = (
				01735D1B1DE36DB50015F3D0 /* Delegates */,
				01B2E53C1DE1780A007CA939 /* Protocols */,
				01B2E5371DDFB508007CA939 /* Controller */,
				01B2E5361DDFB502007CA939 /* Views */,
				011A41D41DDFB43C0022CF2B /* Main.storyboard */,
				011A41D71DDFB43C0022CF2B /* Assets.xcassets */,
				011A41D91DDFB43C0022CF2B /* LaunchScreen.storyboard */,
				011A41DC1DDFB43C0022CF2B /* Info.plist */,
				01735D171DE303330015F3D0 /* GoogleService-Info.plist */,
			);
			path = ChattyChat;
			sourceTree = "<group>";
		};
		01735D1B1DE36DB50015F3D0 /* Delegates */ = {
			isa = PBXGroup;
			children = (
				011A41D01DDFB43C0022CF2B /* AppDelegate.swift */,
				01B2E5381DDFB521007CA939 /* PhotoCaptureDelegate.swift */,
			);
			name = Delegates;
			sourceTree = "<group>";
		};
		01B2E5361DDFB502007CA939 /* Views */ = {
			isa = PBXGroup;
			children = (
				01B2E53A1DDFB552007CA939 /* PreviewView.swift */,
				01735D191DE36DA20015F3D0 /* RoundTextField.swift */,
				01735D1C1DE462990015F3D0 /* RoundButton.swift */,
			);
			name = Views;
			sourceTree = "<group>";
		};
		01B2E5371DDFB508007CA939 /* Controller */ = {
			isa = PBXGroup;
			children = (
				011A41D21DDFB43C0022CF2B /* CameraVC.swift */,
				01B2E5341DDFB4FD007CA939 /* CameraViewController.swift */,
			);
			name = Controller;
			sourceTree = "<group>";
		};
		01B2E53C1DE1780A007CA939 /* Protocols */ = {
			isa = PBXGroup;
			children = (
				01B2E53D1DE1783E007CA939 /* CameraVCDelegate.swift */,
			);
			name = Protocols;
			sourceTree = "<group>";
		};
		058D285BD5B7367859521820 /* Pods */ = {
			isa = PBXGroup;
			children = (
				4338BF4DCB3BA09F73E9FE0C /* Pods-ChattyChat.debug.xcconfig */,
				7569A9B690B0C954F459D5AB /* Pods-ChattyChat.release.xcconfig */,
			);
			name = Pods;
			sourceTree = "<group>";
		};
		6160C032C5C72E589CADF208 /* Frameworks */ = {
			isa = PBXGroup;
			children = (
				58C6074307FE4A02362E4359 /* Pods_ChattyChat.framework */,
			);
			name = Frameworks;
			sourceTree = "<group>";
		};
/* End PBXGroup section */

/* Begin PBXNativeTarget section */
		011A41CC1DDFB43C0022CF2B /* ChattyChat */ = {
			isa = PBXNativeTarget;
			buildConfigurationList = 011A41DF1DDFB43C0022CF2B /* Build configuration list for PBXNativeTarget "ChattyChat" */;
			buildPhases = (
				39BF3C40546A3F688C6CEE9A /* [CP] Check Pods Manifest.lock */,
				011A41C91DDFB43C0022CF2B /* Sources */,
				011A41CA1DDFB43C0022CF2B /* Frameworks */,
				011A41CB1DDFB43C0022CF2B /* Resources */,
				5928A2956151892622ABC28E /* [CP] Embed Pods Frameworks */,
				7A41CE4A0485E59A8CA5065A /* [CP] Copy Pods Resources */,
			);
			buildRules = (
			);
			dependencies = (
			);
			name = ChattyChat;
			productName = ChattyChat;
			productReference = 011A41CD1DDFB43C0022CF2B /* ChattyChat.app */;
			productType = "com.apple.product-type.application";
		};
/* End PBXNativeTarget section */

/* Begin PBXProject section */
		011A41C51DDFB43C0022CF2B /* Project object */ = {
			isa = PBXProject;
			attributes = {
				LastSwiftUpdateCheck = 0810;
				LastUpgradeCheck = 0810;
				ORGANIZATIONNAME = "Patrick Gross";
				TargetAttributes = {
					011A41CC1DDFB43C0022CF2B = {
						CreatedOnToolsVersion = 8.1;
						DevelopmentTeam = EH8PU9789P;
						ProvisioningStyle = Automatic;
					};
				};
			};
			buildConfigurationList = 011A41C81DDFB43C0022CF2B /* Build configuration list for PBXProject "ChattyChat" */;
			compatibilityVersion = "Xcode 3.2";
			developmentRegion = English;
			hasScannedForEncodings = 0;
			knownRegions = (
				en,
				Base,
			);
			mainGroup = 011A41C41DDFB43C0022CF2B;
			productRefGroup = 011A41CE1DDFB43C0022CF2B /* Products */;
			projectDirPath = "";
			projectRoot = "";
			targets = (
				011A41CC1DDFB43C0022CF2B /* ChattyChat */,
			);
		};
/* End PBXProject section */

/* Begin PBXResourcesBuildPhase section */
		011A41CB1DDFB43C0022CF2B /* Resources */ = {
			isa = PBXResourcesBuildPhase;
			buildActionMask = 2147483647;
			files = (
				01735D181DE303330015F3D0 /* GoogleService-Info.plist in Resources */,
				011A41DB1DDFB43C0022CF2B /* LaunchScreen.storyboard in Resources */,
				011A41D81DDFB43C0022CF2B /* Assets.xcassets in Resources */,
				011A41D61DDFB43C0022CF2B /* Main.storyboard in Resources */,
			);
			runOnlyForDeploymentPostprocessing = 0;
		};
/* End PBXResourcesBuildPhase section */

/* Begin PBXShellScriptBuildPhase section */
		39BF3C40546A3F688C6CEE9A /* [CP] Check Pods Manifest.lock */ = {
			isa = PBXShellScriptBuildPhase;
			buildActionMask = 2147483647;
			files = (
			);
			inputPaths = (
			);
			name = "[CP] Check Pods Manifest.lock";
			outputPaths = (
			);
			runOnlyForDeploymentPostprocessing = 0;
			shellPath = /bin/sh;
			shellScript = "diff \"${PODS_ROOT}/../Podfile.lock\" \"${PODS_ROOT}/Manifest.lock\" > /dev/null\nif [ $? != 0 ] ; then\n    # print error to STDERR\n    echo \"error: The sandbox is not in sync with the Podfile.lock. Run 'pod install' or update your CocoaPods installation.\" >&2\n    exit 1\nfi\n";
			showEnvVarsInLog = 0;
		};
		5928A2956151892622ABC28E /* [CP] Embed Pods Frameworks */ = {
			isa = PBXShellScriptBuildPhase;
			buildActionMask = 2147483647;
			files = (
			);
			inputPaths = (
			);
			name = "[CP] Embed Pods Frameworks";
			outputPaths = (
			);
			runOnlyForDeploymentPostprocessing = 0;
			shellPath = /bin/sh;
			shellScript = "\"${SRCROOT}/Pods/Target Support Files/Pods-ChattyChat/Pods-ChattyChat-frameworks.sh\"\n";
			showEnvVarsInLog = 0;
		};
		7A41CE4A0485E59A8CA5065A /* [CP] Copy Pods Resources */ = {
			isa = PBXShellScriptBuildPhase;
			buildActionMask = 2147483647;
			files = (
			);
			inputPaths = (
			);
			name = "[CP] Copy Pods Resources";
			outputPaths = (
			);
			runOnlyForDeploymentPostprocessing = 0;
			shellPath = /bin/sh;
			shellScript = "\"${SRCROOT}/Pods/Target Support Files/Pods-ChattyChat/Pods-ChattyChat-resources.sh\"\n";
			showEnvVarsInLog = 0;
		};
/* End PBXShellScriptBuildPhase section */

/* Begin PBXSourcesBuildPhase section */
		011A41C91DDFB43C0022CF2B /* Sources */ = {
			isa = PBXSourcesBuildPhase;
			buildActionMask = 2147483647;
			files = (
				01735D1D1DE462990015F3D0 /* RoundButton.swift in Sources */,
				01B2E53B1DDFB552007CA939 /* PreviewView.swift in Sources */,
				011A41D31DDFB43C0022CF2B /* CameraVC.swift in Sources */,
				011A41D11DDFB43C0022CF2B /* AppDelegate.swift in Sources */,
				01735D1A1DE36DA20015F3D0 /* RoundTextField.swift in Sources */,
				01B2E5391DDFB521007CA939 /* PhotoCaptureDelegate.swift in Sources */,
				01B2E53E1DE1783E007CA939 /* CameraVCDelegate.swift in Sources */,
				01B2E5351DDFB4FD007CA939 /* CameraViewController.swift in Sources */,
			);
			runOnlyForDeploymentPostprocessing = 0;
		};
/* End PBXSourcesBuildPhase section */

/* Begin PBXVariantGroup section */
		011A41D41DDFB43C0022CF2B /* Main.storyboard */ = {
			isa = PBXVariantGroup;
			children = (
				011A41D51DDFB43C0022CF2B /* Base */,
			);
			name = Main.storyboard;
			sourceTree = "<group>";
		};
		011A41D91DDFB43C0022CF2B /* LaunchScreen.storyboard */ = {
			isa = PBXVariantGroup;
			children = (
				011A41DA1DDFB43C0022CF2B /* Base */,
			);
			name = LaunchScreen.storyboard;
			sourceTree = "<group>";
		};
/* End PBXVariantGroup section */

/* Begin XCBuildConfiguration section */
		011A41DD1DDFB43C0022CF2B /* Debug */ = {
			isa = XCBuildConfiguration;
			buildSettings = {
				ALWAYS_SEARCH_USER_PATHS = NO;
				CLANG_ANALYZER_NONNULL = YES;
				CLANG_CXX_LANGUAGE_STANDARD = "gnu++0x";
				CLANG_CXX_LIBRARY = "libc++";
				CLANG_ENABLE_MODULES = YES;
				CLANG_ENABLE_OBJC_ARC = YES;
				CLANG_WARN_BOOL_CONVERSION = YES;
				CLANG_WARN_CONSTANT_CONVERSION = YES;
				CLANG_WARN_DIRECT_OBJC_ISA_USAGE = YES_ERROR;
				CLANG_WARN_DOCUMENTATION_COMMENTS = YES;
				CLANG_WARN_EMPTY_BODY = YES;
				CLANG_WARN_ENUM_CONVERSION = YES;
				CLANG_WARN_INFINITE_RECURSION = YES;
				CLANG_WARN_INT_CONVERSION = YES;
				CLANG_WARN_OBJC_ROOT_CLASS = YES_ERROR;
				CLANG_WARN_SUSPICIOUS_MOVE = YES;
				CLANG_WARN_SUSPICIOUS_MOVES = YES;
				CLANG_WARN_UNREACHABLE_CODE = YES;
				CLANG_WARN__DUPLICATE_METHOD_MATCH = YES;
				"CODE_SIGN_IDENTITY[sdk=iphoneos*]" = "iPhone Developer";
				COPY_PHASE_STRIP = NO;
				DEBUG_INFORMATION_FORMAT = dwarf;
				ENABLE_STRICT_OBJC_MSGSEND = YES;
				ENABLE_TESTABILITY = YES;
				GCC_C_LANGUAGE_STANDARD = gnu99;
				GCC_DYNAMIC_NO_PIC = NO;
				GCC_NO_COMMON_BLOCKS = YES;
				GCC_OPTIMIZATION_LEVEL = 0;
				GCC_PREPROCESSOR_DEFINITIONS = (
					"DEBUG=1",
					"$(inherited)",
				);
				GCC_WARN_64_TO_32_BIT_CONVERSION = YES;
				GCC_WARN_ABOUT_RETURN_TYPE = YES_ERROR;
				GCC_WARN_UNDECLARED_SELECTOR = YES;
				GCC_WARN_UNINITIALIZED_AUTOS = YES_AGGRESSIVE;
				GCC_WARN_UNUSED_FUNCTION = YES;
				GCC_WARN_UNUSED_VARIABLE = YES;
				IPHONEOS_DEPLOYMENT_TARGET = 10.1;
				MTL_ENABLE_DEBUG_INFO = YES;
				ONLY_ACTIVE_ARCH = YES;
				SDKROOT = iphoneos;
				SWIFT_ACTIVE_COMPILATION_CONDITIONS = DEBUG;
				SWIFT_OPTIMIZATION_LEVEL = "-Onone";
				TARGETED_DEVICE_FAMILY = "1,2";
			};
			name = Debug;
		};
		011A41DE1DDFB43C0022CF2B /* Release */ = {
			isa = XCBuildConfiguration;
			buildSettings = {
				ALWAYS_SEARCH_USER_PATHS = NO;
				CLANG_ANALYZER_NONNULL = YES;
				CLANG_CXX_LANGUAGE_STANDARD = "gnu++0x";
				CLANG_CXX_LIBRARY = "libc++";
				CLANG_ENABLE_MODULES = YES;
				CLANG_ENABLE_OBJC_ARC = YES;
				CLANG_WARN_BOOL_CONVERSION = YES;
				CLANG_WARN_CONSTANT_CONVERSION = YES;
				CLANG_WARN_DIRECT_OBJC_ISA_USAGE = YES_ERROR;
				CLANG_WARN_DOCUMENTATION_COMMENTS = YES;
				CLANG_WARN_EMPTY_BODY = YES;
				CLANG_WARN_ENUM_CONVERSION = YES;
				CLANG_WARN_INFINITE_RECURSION = YES;
				CLANG_WARN_INT_CONVERSION = YES;
				CLANG_WARN_OBJC_ROOT_CLASS = YES_ERROR;
				CLANG_WARN_SUSPICIOUS_MOVE = YES;
				CLANG_WARN_SUSPICIOUS_MOVES = YES;
				CLANG_WARN_UNREACHABLE_CODE = YES;
				CLANG_WARN__DUPLICATE_METHOD_MATCH = YES;
				"CODE_SIGN_IDENTITY[sdk=iphoneos*]" = "iPhone Developer";
				COPY_PHASE_STRIP = NO;
				DEBUG_INFORMATION_FORMAT = "dwarf-with-dsym";
				ENABLE_NS_ASSERTIONS = NO;
				ENABLE_STRICT_OBJC_MSGSEND = YES;
				GCC_C_LANGUAGE_STANDARD = gnu99;
				GCC_NO_COMMON_BLOCKS = YES;
				GCC_WARN_64_TO_32_BIT_CONVERSION = YES;
				GCC_WARN_ABOUT_RETURN_TYPE = YES_ERROR;
				GCC_WARN_UNDECLARED_SELECTOR = YES;
				GCC_WARN_UNINITIALIZED_AUTOS = YES_AGGRESSIVE;
				GCC_WARN_UNUSED_FUNCTION = YES;
				GCC_WARN_UNUSED_VARIABLE = YES;
				IPHONEOS_DEPLOYMENT_TARGET = 10.1;
				MTL_ENABLE_DEBUG_INFO = NO;
				SDKROOT = iphoneos;
				SWIFT_OPTIMIZATION_LEVEL = "-Owholemodule";
				TARGETED_DEVICE_FAMILY = "1,2";
				VALIDATE_PRODUCT = YES;
			};
			name = Release;
		};
		011A41E01DDFB43C0022CF2B /* Debug */ = {
			isa = XCBuildConfiguration;
			baseConfigurationReference = 4338BF4DCB3BA09F73E9FE0C /* Pods-ChattyChat.debug.xcconfig */;
			buildSettings = {
				ASSETCATALOG_COMPILER_APPICON_NAME = AppIcon;
				DEVELOPMENT_TEAM = EH8PU9789P;
				INFOPLIST_FILE = ChattyChat/Info.plist;
				LD_RUNPATH_SEARCH_PATHS = "$(inherited) @executable_path/Frameworks";
				PRODUCT_BUNDLE_IDENTIFIER = com.patrickgross.ChattyChat;
				PRODUCT_NAME = "$(TARGET_NAME)";
				SWIFT_VERSION = 3.0;
			};
			name = Debug;
		};
		011A41E11DDFB43C0022CF2B /* Release */ = {
			isa = XCBuildConfiguration;
			baseConfigurationReference = 7569A9B690B0C954F459D5AB /* Pods-ChattyChat.release.xcconfig */;
			buildSettings = {
				ASSETCATALOG_COMPILER_APPICON_NAME = AppIcon;
				DEVELOPMENT_TEAM = EH8PU9789P;
				INFOPLIST_FILE = ChattyChat/Info.plist;
				LD_RUNPATH_SEARCH_PATHS = "$(inherited) @executable_path/Frameworks";
				PRODUCT_BUNDLE_IDENTIFIER = com.patrickgross.ChattyChat;
				PRODUCT_NAME = "$(TARGET_NAME)";
				SWIFT_VERSION = 3.0;
			};
			name = Release;
		};
/* End XCBuildConfiguration section */

/* Begin XCConfigurationList section */
		011A41C81DDFB43C0022CF2B /* Build configuration list for PBXProject "ChattyChat" */ = {
			isa = XCConfigurationList;
			buildConfigurations = (
				011A41DD1DDFB43C0022CF2B /* Debug */,
				011A41DE1DDFB43C0022CF2B /* Release */,
			);
			defaultConfigurationIsVisible = 0;
			defaultConfigurationName = Release;
		};
		011A41DF1DDFB43C0022CF2B /* Build configuration list for PBXNativeTarget "ChattyChat" */ = {
			isa = XCConfigurationList;
			buildConfigurations = (
				011A41E01DDFB43C0022CF2B /* Debug */,
				011A41E11DDFB43C0022CF2B /* Release */,
			);
			defaultConfigurationIsVisible = 0;
			defaultConfigurationName = Release;
		};
/* End XCConfigurationList section */
	};
	rootObject = 011A41C51DDFB43C0022CF2B /* Project object */;
}
